
Microsoft Visual Studio Solution File, Format Version 12.00
# Visual Studio Version 17
VisualStudioVersion = 17.8.34525.116
MinimumVisualStudioVersion = 10.0.40219.1
Project("{FAE04EC0-301F-11D3-BF4B-00C04F79EFBC}") = "app5", "app5\app5.csproj", "{0D7C93A9-B315-4F09-9797-061F58903571}"
EndProject
Global
	GlobalSection(SolutionConfigurationPlatforms) = preSolution
		Debug|Any CPU = Debug|Any CPU
		Release|Any CPU = Release|Any CPU
	EndGlobalSection
	GlobalSection(ProjectConfigurationPlatforms) = postSolution
		{0D7C93A9-B315-4F09-9797-061F58903571}.Debug|Any CPU.ActiveCfg = Debug|Any CPU
		{0D7C93A9-B315-4F09-9797-061F58903571}.Debug|Any CPU.Build.0 = Debug|Any CPU
		{0D7C93A9-B315-4F09-9797-061F58903571}.Release|Any CPU.ActiveCfg = Release|Any CPU
		{0D7C93A9-B315-4F09-9797-061F58903571}.Release|Any CPU.Build.0 = Release|Any CPU
	EndGlobalSection
	GlobalSection(SolutionProperties) = preSolution
		HideSolutionNode = FALSE
	EndGlobalSection
	GlobalSection(ExtensibilityGlobals) = postSolution
		SolutionGuid = {D4377322-CD1A-492A-B803-3A0DCD96CB31}
	EndGlobalSection
EndGlobal
